
Microsoft Visual Studio Solution File, Format Version 12.00
# Visual Studio Version 17
VisualStudioVersion = 17.0.31903.59
MinimumVisualStudioVersion = 10.0.40219.1
Project("{2150E333-8FDC-42A3-9474-1A3956D46DE8}") = "src", "src", "{827E0CD3-B72D-47B6-A68D-7590B98EB39B}"
EndProject
Project("{FAE04EC0-301F-11D3-BF4B-00C04F79EFBC}") = "WpfFoundation", "src\WpfFoundation\WpfFoundation.csproj", "{4BC411CC-6466-450D-B89C-E4D3B1CBF46C}"
EndProject
Project("{FAE04EC0-301F-11D3-BF4B-00C04F79EFBC}") = "WpfFoundation.Gallery", "src\WpfFoundation.Gallery\WpfFoundation.Gallery.csproj", "{225E40D7-53DD-4247-BA5D-65B075A48A13}"
EndProject
Project("{2150E333-8FDC-42A3-9474-1A3956D46DE8}") = "tests", "tests", "{0AB3BF05-4346-4AA6-1389-037BE0695223}"
EndProject
Project("{FAE04EC0-301F-11D3-BF4B-00C04F79EFBC}") = "WpfFoundation.Tests", "tests\WpfFoundation.Tests\WpfFoundation.Tests.csproj", "{08A93922-6239-4CCC-82AD-9DAB9AD1612F}"
EndProject
Project("{2150E333-8FDC-42A3-9474-1A3956D46DE8}") = "tools", "tools", "{07C2787E-EAC7-C090-1BA3-A61EC2A24D84}"
EndProject
Project("{FAE04EC0-301F-11D3-BF4B-00C04F79EFBC}") = "XamlDesignCheck", "tools\XamlDesignCheck\XamlDesignCheck.csproj", "{428A17DE-FA72-4C5E-9890-B73B2F501249}"
EndProject
Global
	GlobalSection(SolutionConfigurationPlatforms) = preSolution
		Debug|Any CPU = Debug|Any CPU
		Debug|x64 = Debug|x64
		Debug|x86 = Debug|x86
		Release|Any CPU = Release|Any CPU
		Release|x64 = Release|x64
		Release|x86 = Release|x86
	EndGlobalSection
	GlobalSection(ProjectConfigurationPlatforms) = postSolution
		{4BC411CC-6466-450D-B89C-E4D3B1CBF46C}.Debug|Any CPU.ActiveCfg = Debug|Any CPU
		{4BC411CC-6466-450D-B89C-E4D3B1CBF46C}.Debug|Any CPU.Build.0 = Debug|Any CPU
		{4BC411CC-6466-450D-B89C-E4D3B1CBF46C}.Debug|x64.ActiveCfg = Debug|Any CPU
		{4BC411CC-6466-450D-B89C-E4D3B1CBF46C}.Debug|x64.Build.0 = Debug|Any CPU
		{4BC411CC-6466-450D-B89C-E4D3B1CBF46C}.Debug|x86.ActiveCfg = Debug|Any CPU
		{4BC411CC-6466-450D-B89C-E4D3B1CBF46C}.Debug|x86.Build.0 = Debug|Any CPU
		{4BC411CC-6466-450D-B89C-E4D3B1CBF46C}.Release|Any CPU.ActiveCfg = Release|Any CPU
		{4BC411CC-6466-450D-B89C-E4D3B1CBF46C}.Release|Any CPU.Build.0 = Release|Any CPU
		{4BC411CC-6466-450D-B89C-E4D3B1CBF46C}.Release|x64.ActiveCfg = Release|Any CPU
		{4BC411CC-6466-450D-B89C-E4D3B1CBF46C}.Release|x64.Build.0 = Release|Any CPU
		{4BC411CC-6466-450D-B89C-E4D3B1CBF46C}.Release|x86.ActiveCfg = Release|Any CPU
		{4BC411CC-6466-450D-B89C-E4D3B1CBF46C}.Release|x86.Build.0 = Release|Any CPU
		{225E40D7-53DD-4247-BA5D-65B075A48A13}.Debug|Any CPU.ActiveCfg = Debug|Any CPU
		{225E40D7-53DD-4247-BA5D-65B075A48A13}.Debug|Any CPU.Build.0 = Debug|Any CPU
		{225E40D7-53DD-4247-BA5D-65B075A48A13}.Debug|x64.ActiveCfg = Debug|Any CPU
		{225E40D7-53DD-4247-BA5D-65B075A48A13}.Debug|x64.Build.0 = Debug|Any CPU
		{225E40D7-53DD-4247-BA5D-65B075A48A13}.Debug|x86.ActiveCfg = Debug|Any CPU
		{225E40D7-53DD-4247-BA5D-65B075A48A13}.Debug|x86.Build.0 = Debug|Any CPU
		{225E40D7-53DD-4247-BA5D-65B075A48A13}.Release|Any CPU.ActiveCfg = Release|Any CPU
		{225E40D7-53DD-4247-BA5D-65B075A48A13}.Release|Any CPU.Build.0 = Release|Any CPU
		{225E40D7-53DD-4247-BA5D-65B075A48A13}.Release|x64.ActiveCfg = Release|Any CPU
		{225E40D7-53DD-4247-BA5D-65B075A48A13}.Release|x64.Build.0 = Release|Any CPU
		{225E40D7-53DD-4247-BA5D-65B075A48A13}.Release|x86.ActiveCfg = Release|Any CPU
		{225E40D7-53DD-4247-BA5D-65B075A48A13}.Release|x86.Build.0 = Release|Any CPU
		{08A93922-6239-4CCC-82AD-9DAB9AD1612F}.Debug|Any CPU.ActiveCfg = Debug|Any CPU
		{08A93922-6239-4CCC-82AD-9DAB9AD1612F}.Debug|Any CPU.Build.0 = Debug|Any CPU
		{08A93922-6239-4CCC-82AD-9DAB9AD1612F}.Debug|x64.ActiveCfg = Debug|Any CPU
		{08A93922-6239-4CCC-82AD-9DAB9AD1612F}.Debug|x64.Build.0 = Debug|Any CPU
		{08A93922-6239-4CCC-82AD-9DAB9AD1612F}.Debug|x86.ActiveCfg = Debug|Any CPU
		{08A93922-6239-4CCC-82AD-9DAB9AD1612F}.Debug|x86.Build.0 = Debug|Any CPU
		{08A93922-6239-4CCC-82AD-9DAB9AD1612F}.Release|Any CPU.ActiveCfg = Release|Any CPU
		{08A93922-6239-4CCC-82AD-9DAB9AD1612F}.Release|Any CPU.Build.0 = Release|Any CPU
		{08A93922-6239-4CCC-82AD-9DAB9AD1612F}.Release|x64.ActiveCfg = Release|Any CPU
		{08A93922-6239-4CCC-82AD-9DAB9AD1612F}.Release|x64.Build.0 = Release|Any CPU
		{08A93922-6239-4CCC-82AD-9DAB9AD1612F}.Release|x86.ActiveCfg = Release|Any CPU
		{08A93922-6239-4CCC-82AD-9DAB9AD1612F}.Release|x86.Build.0 = Release|Any CPU
		{428A17DE-FA72-4C5E-9890-B73B2F501249}.Debug|Any CPU.ActiveCfg = Debug|Any CPU
		{428A17DE-FA72-4C5E-9890-B73B2F501249}.Debug|Any CPU.Build.0 = Debug|Any CPU
		{428A17DE-FA72-4C5E-9890-B73B2F501249}.Debug|x64.ActiveCfg = Debug|Any CPU
		{428A17DE-FA72-4C5E-9890-B73B2F501249}.Debug|x64.Build.0 = Debug|Any CPU
		{428A17DE-FA72-4C5E-9890-B73B2F501249}.Debug|x86.ActiveCfg = Debug|Any CPU
		{428A17DE-FA72-4C5E-9890-B73B2F501249}.Debug|x86.Build.0 = Debug|Any CPU
		{428A17DE-FA72-4C5E-9890-B73B2F501249}.Release|Any CPU.ActiveCfg = Release|Any CPU
		{428A17DE-FA72-4C5E-9890-B73B2F501249}.Release|Any CPU.Build.0 = Release|Any CPU
		{428A17DE-FA72-4C5E-9890-B73B2F501249}.Release|x64.ActiveCfg = Release|Any CPU
		{428A17DE-FA72-4C5E-9890-B73B2F501249}.Release|x64.Build.0 = Release|Any CPU
		{428A17DE-FA72-4C5E-9890-B73B2F501249}.Release|x86.ActiveCfg = Release|Any CPU
		{428A17DE-FA72-4C5E-9890-B73B2F501249}.Release|x86.Build.0 = Release|Any CPU
	EndGlobalSection
	GlobalSection(SolutionProperties) = preSolution
		HideSolutionNode = FALSE
	EndGlobalSection
	GlobalSection(NestedProjects) = preSolution
		{4BC411CC-6466-450D-B89C-E4D3B1CBF46C} = {827E0CD3-B72D-47B6-A68D-7590B98EB39B}
		{225E40D7-53DD-4247-BA5D-65B075A48A13} = {827E0CD3-B72D-47B6-A68D-7590B98EB39B}
		{08A93922-6239-4CCC-82AD-9DAB9AD1612F} = {0AB3BF05-4346-4AA6-1389-037BE0695223}
		{428A17DE-FA72-4C5E-9890-B73B2F501249} = {07C2787E-EAC7-C090-1BA3-A61EC2A24D84}
	EndGlobalSection
EndGlobal
